
Microsoft Visual Studio Solution File, Format Version 12.00
# Visual Studio Version 16
VisualStudioVersion = 16.0.30104.148
MinimumVisualStudioVersion = 10.0.40219.1
Project("{FAE04EC0-301F-11D3-BF4B-00C04F79EFBC}") = "WebApplication1", "WebApplication1\WebApplication1.csproj", "{CE021F08-38E5-4F5C-A48C-33933391561D}"
EndProject
Global
	GlobalSection(SolutionConfigurationPlatforms) = preSolution
		Debug|Any CPU = Debug|Any CPU
		Release|Any CPU = Release|Any CPU
	EndGlobalSection
	GlobalSection(ProjectConfigurationPlatforms) = postSolution
		{CE021F08-38E5-4F5C-A48C-33933391561D}.Debug|Any CPU.ActiveCfg = Debug|Any CPU
		{CE021F08-38E5-4F5C-A48C-33933391561D}.Debug|Any CPU.Build.0 = Debug|Any CPU
		{CE021F08-38E5-4F5C-A48C-33933391561D}.Release|Any CPU.ActiveCfg = Release|Any CPU
		{CE021F08-38E5-4F5C-A48C-33933391561D}.Release|Any CPU.Build.0 = Release|Any CPU
	EndGlobalSection
	GlobalSection(SolutionProperties) = preSolution
		HideSolutionNode = FALSE
	EndGlobalSection
	GlobalSection(ExtensibilityGlobals) = postSolution
		SolutionGuid = {65463B52-ACA6-450A-BB9D-3B310570C54C}
	EndGlobalSection
EndGlobal
